
Microsoft Visual Studio Solution File, Format Version 12.00
# Visual Studio Version 16
VisualStudioVersion = 16.0.34114.132
MinimumVisualStudioVersion = 10.0.40219.1
Project("{FAE04EC0-301F-11D3-BF4B-00C04F79EFBC}") = "HotelManageMentSystem", "HotelManageMentSystem\HotelManageMentSystem.csproj", "{C2B49DFC-3794-4BCB-A401-B24366AE6D43}"
EndProject
Project("{2150E333-8FDC-42A3-9474-1A3956D46DE8}") = "Solution Items", "Solution Items", "{7EA78CC4-8574-4528-A8D9-5C41FB72B910}"
EndProject
Global
	GlobalSection(SolutionConfigurationPlatforms) = preSolution
		Debug|Any CPU = Debug|Any CPU
		Release|Any CPU = Release|Any CPU
	EndGlobalSection
	GlobalSection(ProjectConfigurationPlatforms) = postSolution
		{C2B49DFC-3794-4BCB-A401-B24366AE6D43}.Debug|Any CPU.ActiveCfg = Debug|Any CPU
		{C2B49DFC-3794-4BCB-A401-B24366AE6D43}.Debug|Any CPU.Build.0 = Debug|Any CPU
		{C2B49DFC-3794-4BCB-A401-B24366AE6D43}.Release|Any CPU.ActiveCfg = Release|Any CPU
		{C2B49DFC-3794-4BCB-A401-B24366AE6D43}.Release|Any CPU.Build.0 = Release|Any CPU
	EndGlobalSection
	GlobalSection(SolutionProperties) = preSolution
		HideSolutionNode = FALSE
	EndGlobalSection
	GlobalSection(ExtensibilityGlobals) = postSolution
		SolutionGuid = {1730CC7F-C627-4712-9174-B4EFE297340B}
	EndGlobalSection
EndGlobal
